// !$*UTF8*$!
{
	archiveVersion = 1;
	classes = {
	};
	objectVersion = 46;
	objects = {

/* Begin PBXBuildFile section */
		4285DA5520073CC300652F36 /* AppDelegate.swift in Sources */ = {isa = PBXBuildFile; fileRef = 4285DA5420073CC300652F36 /* AppDelegate.swift */; };
		4285DA5720073CC300652F36 /* ViewController.swift in Sources */ = {isa = PBXBuildFile; fileRef = 4285DA5620073CC300652F36 /* ViewController.swift */; };
		4285DA5A20073CC300652F36 /* Main.storyboard in Resources */ = {isa = PBXBuildFile; fileRef = 4285DA5820073CC300652F36 /* Main.storyboard */; };
		4285DA5C20073CC300652F36 /* Assets.xcassets in Resources */ = {isa = PBXBuildFile; fileRef = 4285DA5B20073CC300652F36 /* Assets.xcassets */; };
		4285DA5F20073CC300652F36 /* LaunchScreen.storyboard in Resources */ = {isa = PBXBuildFile; fileRef = 4285DA5D20073CC300652F36 /* LaunchScreen.storyboard */; };
		4285DA6A20073CC300652F36 /* mytippyTests.swift in Sources */ = {isa = PBXBuildFile; fileRef = 4285DA6920073CC300652F36 /* mytippyTests.swift */; };
		4285DA7520073CC300652F36 /* mytippyUITests.swift in Sources */ = {isa = PBXBuildFile; fileRef = 4285DA7420073CC300652F36 /* mytippyUITests.swift */; };
/* End PBXBuildFile section */

/* Begin PBXContainerItemProxy section */
		4285DA6620073CC300652F36 /* PBXContainerItemProxy */ = {
			isa = PBXContainerItemProxy;
			containerPortal = 4285DA4920073CC300652F36 /* Project object */;
			proxyType = 1;
			remoteGlobalIDString = 4285DA5020073CC300652F36;
			remoteInfo = mytippy;
		};
		4285DA7120073CC300652F36 /* PBXContainerItemProxy */ = {
			isa = PBXContainerItemProxy;
			containerPortal = 4285DA4920073CC300652F36 /* Project object */;
			proxyType = 1;
			remoteGlobalIDString = 4285DA5020073CC300652F36;
			remoteInfo = mytippy;
		};
/* End PBXContainerItemProxy section */

/* Begin PBXFileReference section */
		4285DA5120073CC300652F36 /* mytippy.app */ = {isa = PBXFileReference; explicitFileType = wrapper.application; includeInIndex = 0; path = mytippy.app; sourceTree = BUILT_PRODUCTS_DIR; };
		4285DA5420073CC300652F36 /* AppDelegate.swift */ = {isa = PBXFileReference; lastKnownFileType = sourcecode.swift; path = AppDelegate.swift; sourceTree = "<group>"; };
		4285DA5620073CC300652F36 /* ViewController.swift */ = {isa = PBXFileReference; lastKnownFileType = sourcecode.swift; path = ViewController.swift; sourceTree = "<group>"; };
		4285DA5920073CC300652F36 /* Base */ = {isa = PBXFileReference; lastKnownFileType = file.storyboard; name = Base; path = Base.lproj/Main.storyboard; sourceTree = "<group>"; };
		4285DA5B20073CC300652F36 /* Assets.xcassets */ = {isa = PBXFileReference; lastKnownFileType = folder.assetcatalog; path = Assets.xcassets; sourceTree = "<group>"; };
		4285DA5E20073CC300652F36 /* Base */ = {isa = PBXFileReference; lastKnownFileType = file.storyboard; name = Base; path = Base.lproj/LaunchScreen.storyboard; sourceTree = "<group>"; };
		4285DA6020073CC300652F36 /* Info.plist */ = {isa = PBXFileReference; lastKnownFileType = text.plist.xml; path = Info.plist; sourceTree = "<group>"; };
		4285DA6520073CC300652F36 /* mytippyTests.xctest */ = {isa = PBXFileReference; explicitFileType = wrapper.cfbundle; includeInIndex = 0; path = mytippyTests.xctest; sourceTree = BUILT_PRODUCTS_DIR; };
		4285DA6920073CC300652F36 /* mytippyTests.swift */ = {isa = PBXFileReference; lastKnownFileType = sourcecode.swift; path = mytippyTests.swift; sourceTree = "<group>"; };
		4285DA6B20073CC300652F36 /* Info.plist */ = {isa = PBXFileReference; lastKnownFileType = text.plist.xml; path = Info.plist; sourceTree = "<group>"; };
		4285DA7020073CC300652F36 /* mytippyUITests.xctest */ = {isa = PBXFileReference; explicitFileType = wrapper.cfbundle; includeInIndex = 0; path = mytippyUITests.xctest; sourceTree = BUILT_PRODUCTS_DIR; };
		4285DA7420073CC300652F36 /* mytippyUITests.swift */ = {isa = PBXFileReference; lastKnownFileType = sourcecode.swift; path = mytippyUITests.swift; sourceTree = "<group>"; };
		4285DA7620073CC300652F36 /* Info.plist */ = {isa = PBXFileReference; lastKnownFileType = text.plist.xml; path = Info.plist; sourceTree = "<group>"; };
/* End PBXFileReference section */

/* Begin PBXFrameworksBuildPhase section */
		4285DA4E20073CC300652F36 /* Frameworks */ = {
			isa = PBXFrameworksBuildPhase;
			buildActionMask = 2147483647;
			files = (
			);
			runOnlyForDeploymentPostprocessing = 0;
		};
		4285DA6220073CC300652F36 /* Frameworks */ = {
			isa = PBXFrameworksBuildPhase;
			buildActionMask = 2147483647;
			files = (
			);
			runOnlyForDeploymentPostprocessing = 0;
		};
		4285DA6D20073CC300652F36 /* Frameworks */ = {
			isa = PBXFrameworksBuildPhase;
			buildActionMask = 2147483647;
			files = (
			);
			runOnlyForDeploymentPostprocessing = 0;
		};
/* End PBXFrameworksBuildPhase section */

/* Begin PBXGroup section */
		4285DA4820073CC300652F36 = {
			isa = PBXGroup;
			children = (
				4285DA5320073CC300652F36 /* mytippy */,
				4285DA6820073CC300652F36 /* mytippyTests */,
				4285DA7320073CC300652F36 /* mytippyUITests */,
				4285DA5220073CC300652F36 /* Products */,
			);
			sourceTree = "<group>";
		};
		4285DA5220073CC300652F36 /* Products */ = {
			isa = PBXGroup;
			children = (
				4285DA5120073CC300652F36 /* mytippy.app */,
				4285DA6520073CC300652F36 /* mytippyTests.xctest */,
				4285DA7020073CC300652F36 /* mytippyUITests.xctest */,
			);
			name = Products;
			sourceTree = "<group>";
		};
		4285DA5320073CC300652F36 /* mytippy */ = {
			isa = PBXGroup;
			children = (
				4285DA5420073CC300652F36 /* AppDelegate.swift */,
				4285DA5620073CC300652F36 /* ViewController.swift */,
				4285DA5820073CC300652F36 /* Main.storyboard */,
				4285DA5B20073CC300652F36 /* Assets.xcassets */,
				4285DA5D20073CC300652F36 /* LaunchScreen.storyboard */,
				4285DA6020073CC300652F36 /* Info.plist */,
			);
			path = mytippy;
			sourceTree = "<group>";
		};
		4285DA6820073CC300652F36 /* mytippyTests */ = {
			isa = PBXGroup;
			children = (
				4285DA6920073CC300652F36 /* mytippyTests.swift */,
				4285DA6B20073CC300652F36 /* Info.plist */,
			);
			path = mytippyTests;
			sourceTree = "<group>";
		};
		4285DA7320073CC300652F36 /* mytippyUITests */ = {
			isa = PBXGroup;
			children = (
				4285DA7420073CC300652F36 /* mytippyUITests.swift */,
				4285DA7620073CC300652F36 /* Info.plist */,
			);
			path = mytippyUITests;
			sourceTree = "<group>";
		};
/* End PBXGroup section */

/* Begin PBXNativeTarget section */
		4285DA5020073CC300652F36 /* mytippy */ = {
			isa = PBXNativeTarget;
			buildConfigurationList = 4285DA7920073CC300652F36 /* Build configuration list for PBXNativeTarget "mytippy" */;
			buildPhases = (
				4285DA4D20073CC300652F36 /* Sources */,
				4285DA4E20073CC300652F36 /* Frameworks */,
				4285DA4F20073CC300652F36 /* Resources */,
			);
			buildRules = (
			);
			dependencies = (
			);
			name = mytippy;
			productName = mytippy;
			productReference = 4285DA5120073CC300652F36 /* mytippy.app */;
			productType = "com.apple.product-type.application";
		};
		4285DA6420073CC300652F36 /* mytippyTests */ = {
			isa = PBXNativeTarget;
			buildConfigurationList = 4285DA7C20073CC300652F36 /* Build configuration list for PBXNativeTarget "mytippyTests" */;
			buildPhases = (
				4285DA6120073CC300652F36 /* Sources */,
				4285DA6220073CC300652F36 /* Frameworks */,
				4285DA6320073CC300652F36 /* Resources */,
			);
			buildRules = (
			);
			dependencies = (
				4285DA6720073CC300652F36 /* PBXTargetDependency */,
			);
			name = mytippyTests;
			productName = mytippyTests;
			productReference = 4285DA6520073CC300652F36 /* mytippyTests.xctest */;
			productType = "com.apple.product-type.bundle.unit-test";
		};
		4285DA6F20073CC300652F36 /* mytippyUITests */ = {
			isa = PBXNativeTarget;
			buildConfigurationList = 4285DA7F20073CC300652F36 /* Build configuration list for PBXNativeTarget "mytippyUITests" */;
			buildPhases = (
				4285DA6C20073CC300652F36 /* Sources */,
				4285DA6D20073CC300652F36 /* Frameworks */,
				4285DA6E20073CC300652F36 /* Resources */,
			);
			buildRules = (
			);
			dependencies = (
				4285DA7220073CC300652F36 /* PBXTargetDependency */,
			);
			name = mytippyUITests;
			productName = mytippyUITests;
			productReference = 4285DA7020073CC300652F36 /* mytippyUITests.xctest */;
			productType = "com.apple.product-type.bundle.ui-testing";
		};
/* End PBXNativeTarget section */

/* Begin PBXProject section */
		4285DA4920073CC300652F36 /* Project object */ = {
			isa = PBXProject;
			attributes = {
				LastSwiftUpdateCheck = 0720;
				LastUpgradeCheck = 0720;
				ORGANIZATIONNAME = "suky zhen";
				TargetAttributes = {
					4285DA5020073CC300652F36 = {
						CreatedOnToolsVersion = 7.2;
					};
					4285DA6420073CC300652F36 = {
						CreatedOnToolsVersion = 7.2;
						TestTargetID = 4285DA5020073CC300652F36;
					};
					4285DA6F20073CC300652F36 = {
						CreatedOnToolsVersion = 7.2;
						TestTargetID = 4285DA5020073CC300652F36;
					};
				};
			};
			buildConfigurationList = 4285DA4C20073CC300652F36 /* Build configuration list for PBXProject "mytippy" */;
			compatibilityVersion = "Xcode 3.2";
			developmentRegion = English;
			hasScannedForEncodings = 0;
			knownRegions = (
				en,
				Base,
			);
			mainGroup = 4285DA4820073CC300652F36;
			productRefGroup = 4285DA5220073CC300652F36 /* Products */;
			projectDirPath = "";
			projectRoot = "";
			targets = (
				4285DA5020073CC300652F36 /* mytippy */,
				4285DA6420073CC300652F36 /* mytippyTests */,
				4285DA6F20073CC300652F36 /* mytippyUITests */,
			);
		};
/* End PBXProject section */

/* Begin PBXResourcesBuildPhase section */
		4285DA4F20073CC300652F36 /* Resources */ = {
			isa = PBXResourcesBuildPhase;
			buildActionMask = 2147483647;
			files = (
				4285DA5F20073CC300652F36 /* LaunchScreen.storyboard in Resources */,
				4285DA5C20073CC300652F36 /* Assets.xcassets in Resources */,
				4285DA5A20073CC300652F36 /* Main.storyboard in Resources */,
			);
			runOnlyForDeploymentPostprocessing = 0;
		};
		4285DA6320073CC300652F36 /* Resources */ = {
			isa = PBXResourcesBuildPhase;
			buildActionMask = 2147483647;
			files = (
			);
			runOnlyForDeploymentPostprocessing = 0;
		};
		4285DA6E20073CC300652F36 /* Resources */ = {
			isa = PBXResourcesBuildPhase;
			buildActionMask = 2147483647;
			files = (
			);
			runOnlyForDeploymentPostprocessing = 0;
		};
/* End PBXResourcesBuildPhase section */

/* Begin PBXSourcesBuildPhase section */
		4285DA4D20073CC300652F36 /* Sources */ = {
			isa = PBXSourcesBuildPhase;
			buildActionMask = 2147483647;
			files = (
				4285DA5720073CC300652F36 /* ViewController.swift in Sources */,
				4285DA5520073CC300652F36 /* AppDelegate.swift in Sources */,
			);
			runOnlyForDeploymentPostprocessing = 0;
		};
		4285DA6120073CC300652F36 /* Sources */ = {
			isa = PBXSourcesBuildPhase;
			buildActionMask = 2147483647;
			files = (
				4285DA6A20073CC300652F36 /* mytippyTests.swift in Sources */,
			);
			runOnlyForDeploymentPostprocessing = 0;
		};
		4285DA6C20073CC300652F36 /* Sources */ = {
			isa = PBXSourcesBuildPhase;
			buildActionMask = 2147483647;
			files = (
				4285DA7520073CC300652F36 /* mytippyUITests.swift in Sources */,
			);
			runOnlyForDeploymentPostprocessing = 0;
		};
/* End PBXSourcesBuildPhase section */

/* Begin PBXTargetDependency section */
		4285DA6720073CC300652F36 /* PBXTargetDependency */ = {
			isa = PBXTargetDependency;
			target = 4285DA5020073CC300652F36 /* mytippy */;
			targetProxy = 4285DA6620073CC300652F36 /* PBXContainerItemProxy */;
		};
		4285DA7220073CC300652F36 /* PBXTargetDependency */ = {
			isa = PBXTargetDependency;
			target = 4285DA5020073CC300652F36 /* mytippy */;
			targetProxy = 4285DA7120073CC300652F36 /* PBXContainerItemProxy */;
		};
/* End PBXTargetDependency section */

/* Begin PBXVariantGroup section */
		4285DA5820073CC300652F36 /* Main.storyboard */ = {
			isa = PBXVariantGroup;
			children = (
				4285DA5920073CC300652F36 /* Base */,
			);
			name = Main.storyboard;
			sourceTree = "<group>";
		};
		4285DA5D20073CC300652F36 /* LaunchScreen.storyboard */ = {
			isa = PBXVariantGroup;
			children = (
				4285DA5E20073CC300652F36 /* Base */,
			);
			name = LaunchScreen.storyboard;
			sourceTree = "<group>";
		};
/* End PBXVariantGroup section */

/* Begin XCBuildConfiguration section */
		4285DA7720073CC300652F36 /* Debug */ = {
			isa = XCBuildConfiguration;
			buildSettings = {
				ALWAYS_SEARCH_USER_PATHS = NO;
				CLANG_CXX_LANGUAGE_STANDARD = "gnu++0x";
				CLANG_CXX_LIBRARY = "libc++";
				CLANG_ENABLE_MODULES = YES;
				CLANG_ENABLE_OBJC_ARC = YES;
				CLANG_WARN_BOOL_CONVERSION = YES;
				CLANG_WARN_CONSTANT_CONVERSION = YES;
				CLANG_WARN_DIRECT_OBJC_ISA_USAGE = YES_ERROR;
				CLANG_WARN_EMPTY_BODY = YES;
				CLANG_WARN_ENUM_CONVERSION = YES;
				CLANG_WARN_INT_CONVERSION = YES;
				CLANG_WARN_OBJC_ROOT_CLASS = YES_ERROR;
				CLANG_WARN_UNREACHABLE_CODE = YES;
				CLANG_WARN__DUPLICATE_METHOD_MATCH = YES;
				"CODE_SIGN_IDENTITY[sdk=iphoneos*]" = "iPhone Developer";
				COPY_PHASE_STRIP = NO;
				DEBUG_INFORMATION_FORMAT = dwarf;
				ENABLE_STRICT_OBJC_MSGSEND = YES;
				ENABLE_TESTABILITY = YES;
				GCC_C_LANGUAGE_STANDARD = gnu99;
				GCC_DYNAMIC_NO_PIC = NO;
				GCC_NO_COMMON_BLOCKS = YES;
				GCC_OPTIMIZATION_LEVEL = 0;
				GCC_PREPROCESSOR_DEFINITIONS = (
					"DEBUG=1",
					"$(inherited)",
				);
				GCC_WARN_64_TO_32_BIT_CONVERSION = YES;
				GCC_WARN_ABOUT_RETURN_TYPE = YES_ERROR;
				GCC_WARN_UNDECLARED_SELECTOR = YES;
				GCC_WARN_UNINITIALIZED_AUTOS = YES_AGGRESSIVE;
				GCC_WARN_UNUSED_FUNCTION = YES;
				GCC_WARN_UNUSED_VARIABLE = YES;
				IPHONEOS_DEPLOYMENT_TARGET = 9.2;
				MTL_ENABLE_DEBUG_INFO = YES;
				ONLY_ACTIVE_ARCH = YES;
				SDKROOT = iphoneos;
				SWIFT_OPTIMIZATION_LEVEL = "-Onone";
			};
			name = Debug;
		};
		4285DA7820073CC300652F36 /* Release */ = {
			isa = XCBuildConfiguration;
			buildSettings = {
				ALWAYS_SEARCH_USER_PATHS = NO;
				CLANG_CXX_LANGUAGE_STANDARD = "gnu++0x";
				CLANG_CXX_LIBRARY = "libc++";
				CLANG_ENABLE_MODULES = YES;
				CLANG_ENABLE_OBJC_ARC = YES;
				CLANG_WARN_BOOL_CONVERSION = YES;
				CLANG_WARN_CONSTANT_CONVERSION = YES;
				CLANG_WARN_DIRECT_OBJC_ISA_USAGE = YES_ERROR;
				CLANG_WARN_EMPTY_BODY = YES;
				CLANG_WARN_ENUM_CONVERSION = YES;
				CLANG_WARN_INT_CONVERSION = YES;
				CLANG_WARN_OBJC_ROOT_CLASS = YES_ERROR;
				CLANG_WARN_UNREACHABLE_CODE = YES;
				CLANG_WARN__DUPLICATE_METHOD_MATCH = YES;
				"CODE_SIGN_IDENTITY[sdk=iphoneos*]" = "iPhone Developer";
				COPY_PHASE_STRIP = NO;
				DEBUG_INFORMATION_FORMAT = "dwarf-with-dsym";
				ENABLE_NS_ASSERTIONS = NO;
				ENABLE_STRICT_OBJC_MSGSEND = YES;
				GCC_C_LANGUAGE_STANDARD = gnu99;
				GCC_NO_COMMON_BLOCKS = YES;
				GCC_WARN_64_TO_32_BIT_CONVERSION = YES;
				GCC_WARN_ABOUT_RETURN_TYPE = YES_ERROR;
				GCC_WARN_UNDECLARED_SELECTOR = YES;
				GCC_WARN_UNINITIALIZED_AUTOS = YES_AGGRESSIVE;
				GCC_WARN_UNUSED_FUNCTION = YES;
				GCC_WARN_UNUSED_VARIABLE = YES;
				IPHONEOS_DEPLOYMENT_TARGET = 9.2;
				MTL_ENABLE_DEBUG_INFO = NO;
				SDKROOT = iphoneos;
				VALIDATE_PRODUCT = YES;
			};
			name = Release;
		};
		4285DA7A20073CC300652F36 /* Debug */ = {
			isa = XCBuildConfiguration;
			buildSettings = {
				ASSETCATALOG_COMPILER_APPICON_NAME = AppIcon;
				INFOPLIST_FILE = mytippy/Info.plist;
				LD_RUNPATH_SEARCH_PATHS = "$(inherited) @executable_path/Frameworks";
				PRODUCT_BUNDLE_IDENTIFIER = com.codepath.mytippy;
				PRODUCT_NAME = "$(TARGET_NAME)";
			};
			name = Debug;
		};
		4285DA7B20073CC300652F36 /* Release */ = {
			isa = XCBuildConfiguration;
			buildSettings = {
				ASSETCATALOG_COMPILER_APPICON_NAME = AppIcon;
				INFOPLIST_FILE = mytippy/Info.plist;
				LD_RUNPATH_SEARCH_PATHS = "$(inherited) @executable_path/Frameworks";
				PRODUCT_BUNDLE_IDENTIFIER = com.codepath.mytippy;
				PRODUCT_NAME = "$(TARGET_NAME)";
			};
			name = Release;
		};
		4285DA7D20073CC300652F36 /* Debug */ = {
			isa = XCBuildConfiguration;
			buildSettings = {
				BUNDLE_LOADER = "$(TEST_HOST)";
				INFOPLIST_FILE = mytippyTests/Info.plist;
				LD_RUNPATH_SEARCH_PATHS = "$(inherited) @executable_path/Frameworks @loader_path/Frameworks";
				PRODUCT_BUNDLE_IDENTIFIER = com.codepath.mytippyTests;
				PRODUCT_NAME = "$(TARGET_NAME)";
				TEST_HOST = "$(BUILT_PRODUCTS_DIR)/mytippy.app/mytippy";
			};
			name = Debug;
		};
		4285DA7E20073CC300652F36 /* Release */ = {
			isa = XCBuildConfiguration;
			buildSettings = {
				BUNDLE_LOADER = "$(TEST_HOST)";
				INFOPLIST_FILE = mytippyTests/Info.plist;
				LD_RUNPATH_SEARCH_PATHS = "$(inherited) @executable_path/Frameworks @loader_path/Frameworks";
				PRODUCT_BUNDLE_IDENTIFIER = com.codepath.mytippyTests;
				PRODUCT_NAME = "$(TARGET_NAME)";
				TEST_HOST = "$(BUILT_PRODUCTS_DIR)/mytippy.app/mytippy";
			};
			name = Release;
		};
		4285DA8020073CC300652F36 /* Debug */ = {
			isa = XCBuildConfiguration;
			buildSettings = {
				INFOPLIST_FILE = mytippyUITests/Info.plist;
				LD_RUNPATH_SEARCH_PATHS = "$(inherited) @executable_path/Frameworks @loader_path/Frameworks";
				PRODUCT_BUNDLE_IDENTIFIER = com.codepath.mytippyUITests;
				PRODUCT_NAME = "$(TARGET_NAME)";
				TEST_TARGET_NAME = mytippy;
				USES_XCTRUNNER = YES;
			};
			name = Debug;
		};
		4285DA8120073CC300652F36 /* Release */ = {
			isa = XCBuildConfiguration;
			buildSettings = {
				INFOPLIST_FILE = mytippyUITests/Info.plist;
				LD_RUNPATH_SEARCH_PATHS = "$(inherited) @executable_path/Frameworks @loader_path/Frameworks";
				PRODUCT_BUNDLE_IDENTIFIER = com.codepath.mytippyUITests;
				PRODUCT_NAME = "$(TARGET_NAME)";
				TEST_TARGET_NAME = mytippy;
				USES_XCTRUNNER = YES;
			};
			name = Release;
		};
/* End XCBuildConfiguration section */

/* Begin XCConfigurationList section */
		4285DA4C20073CC300652F36 /* Build configuration list for PBXProject "mytippy" */ = {
			isa = XCConfigurationList;
			buildConfigurations = (
				4285DA7720073CC300652F36 /* Debug */,
				4285DA7820073CC300652F36 /* Release */,
			);
			defaultConfigurationIsVisible = 0;
			defaultConfigurationName = Release;
		};
		4285DA7920073CC300652F36 /* Build configuration list for PBXNativeTarget "mytippy" */ = {
			isa = XCConfigurationList;
			buildConfigurations = (
				4285DA7A20073CC300652F36 /* Debug */,
				4285DA7B20073CC300652F36 /* Release */,
			);
			defaultConfigurationIsVisible = 0;
		};
		4285DA7C20073CC300652F36 /* Build configuration list for PBXNativeTarget "mytippyTests" */ = {
			isa = XCConfigurationList;
			buildConfigurations = (
				4285DA7D20073CC300652F36 /* Debug */,
				4285DA7E20073CC300652F36 /* Release */,
			);
			defaultConfigurationIsVisible = 0;
		};
		4285DA7F20073CC300652F36 /* Build configuration list for PBXNativeTarget "mytippyUITests" */ = {
			isa = XCConfigurationList;
			buildConfigurations = (
				4285DA8020073CC300652F36 /* Debug */,
				4285DA8120073CC300652F36 /* Release */,
			);
			defaultConfigurationIsVisible = 0;
		};
/* End XCConfigurationList section */
	};
	rootObject = 4285DA4920073CC300652F36 /* Project object */;
}
